<?xml version="1.0" encoding="UTF-8" standalone="yes" ?>
<CodeBlocks_project_file>
	<FileVersion major="1" minor="6" />
	<Project>
		<Option title="console" />
		<Option pch_mode="2" />
		<Option compiler="gcc" />
		<Build>
			<Target title="Debug">
				<Option output="bin/Debug/console" prefix_auto="1" extension_auto="1" />
				<Option object_output="obj/Debug/" />
				<Option type="1" />
				<Option compiler="gcc" />
				<Compiler>
					<Add option="-g" />
				</Compiler>
				<Linker>
					<Add library="sfml-graphics-s-d" />
					<Add library="sfml-window-s-d" />
					<Add library="sfml-system-s-d" />
					<Add library="sfml-main-d" />
				</Linker>
			</Target>
			<Target title="Release">
				<Option output="bin/Release/console" prefix_auto="1" extension_auto="1" />
				<Option object_output="obj/Release/" />
				<Option type="0" />
				<Option compiler="gcc" />
				<Compiler>
					<Add option="-O2" />
				</Compiler>
				<Linker>
					<Add option="-s" />
					<Add library="sfml-graphics-s" />
					<Add library="sfml-window-s" />
					<Add library="sfml-system-s" />
					<Add library="sfml-main" />
				</Linker>
			</Target>
		</Build>
		<Compiler>
			<Add option="-DSFML_STATIC" />
			<Add option="-Wall" />
			<Add directory="C:/sfml/include" />
		</Compiler>
		<Linker>
			<Add library="mingw32" />
			<Add library="user32" />
			<Add library="gdi32" />
			<Add library="winmm" />
			<Add library="dxguid" />
			<Add directory="C:/sfml/lib" />
		</Linker>
		<Unit filename="cb.bmp" />
		<Unit filename="cls.cpp" />
		<Unit filename="cls.h" />
		<Unit filename="config.h" />
		<Unit filename="cons.cpp" />
		<Unit filename="display.cpp" />
		<Unit filename="display.h" />
		<Unit filename="engine.cpp" />
		<Unit filename="engine.h" />
		<Unit filename="engine_game.cpp" />
		<Unit filename="engine_multi.cpp" />
		<Unit filename="engine_rep.cpp" />
		<Unit filename="loadMap.cpp" />
		<Unit filename="loadMap.h" />
		<Unit filename="main.cpp" />
		<Unit filename="mapGen.cpp" />
		<Unit filename="mapGen.h" />
		<Unit filename="menuFunc.cpp" />
		<Unit filename="menuFunc.h" />
		<Unit filename="note.txt" />
		<Unit filename="saveName.cpp" />
		<Unit filename="saveName.h" />
		<Unit filename="serve.cpp" />
		<Unit filename="serve.h" />
		<Unit filename="step.txt" />
		<Unit filename="stringOpreator.h" />
		<Unit filename="textColor.cpp" />
		<Unit filename="textColor.h" />
		<Unit filename="timer.cpp" />
		<Unit filename="timer.h" />
		<Extensions>
			<code_completion />
			<envvars />
			<debugger />
		</Extensions>
	</Project>
</CodeBlocks_project_file>
