<?xml version="1.0" encoding="UTF-8" standalone="yes" ?>
<CodeBlocks_project_file>
	<FileVersion major="1" minor="6" />
	<Project>
		<Option title="try2" />
		<Option pch_mode="2" />
		<Option compiler="gcc" />
		<Build>
			<Target title="Debug">
				<Option output="bin/Debug/try2" prefix_auto="1" extension_auto="1" />
				<Option object_output="obj/Debug/" />
				<Option type="1" />
				<Option compiler="gcc" />
				<Compiler>
					<Add option="-g" />
				</Compiler>
				<Linker>
					<Add library="sfml-graphics-s-d" />
					<Add library="sfml-window-s-d" />
					<Add library="sfml-system-s-d" />
					<Add library="sfml-main-d" />
				</Linker>
			</Target>
			<Target title="Release">
				<Option output="bin/Release/try2" prefix_auto="1" extension_auto="1" />
				<Option object_output="obj/Release/" />
				<Option type="0" />
				<Option compiler="gcc" />
				<Compiler>
					<Add option="-O2" />
				</Compiler>
				<Linker>
					<Add option="-s" />
					<Add library="sfml-graphics-s" />
					<Add library="sfml-window-s" />
					<Add library="sfml-system-s" />
					<Add library="sfml-main" />
				</Linker>
			</Target>
		</Build>
		<Compiler>
			<Add option="-DSFML_STATIC" />
			<Add option="-Wall" />
			<Add directory="C:/sfml/include" />
		</Compiler>
		<Linker>
			<Add library="mingw32" />
			<Add library="user32" />
			<Add library="gdi32" />
			<Add library="winmm" />
			<Add library="dxguid" />
			<Add directory="C:/sfml/lib" />
		</Linker>
		<Unit filename="DejaVuSans.ttf" />
		<Unit filename="EEToString.h" />
		<Unit filename="ErrState.h" />
		<Unit filename="GameState.cpp" />
		<Unit filename="GameState.h" />
		<Unit filename="High.txt" />
		<Unit filename="Level1.txt" />
		<Unit filename="MapGen.cpp" />
		<Unit filename="MenuState.cpp" />
		<Unit filename="MenuState.h" />
		<Unit filename="PacEngine.cpp" />
		<Unit filename="PacEngine.h" />
		<Unit filename="PacEntity.h" />
		<Unit filename="PacEvent.h" />
		<Unit filename="PauseState.h" />
		<Unit filename="QuitState.h" />
		<Unit filename="ScoreState.cpp" />
		<Unit filename="ScoreState.h" />
		<Unit filename="Server.cpp" />
		<Unit filename="Server.h" />
		<Unit filename="SpecialState.h" />
		<Unit filename="State.h" />
		<Unit filename="StateManager.cpp" />
		<Unit filename="StateManager.h" />
		<Unit filename="cb.bmp" />
		<Unit filename="config.h" />
		<Unit filename="main.cpp" />
		<Unit filename="mainPacman.cpp" />
		<Unit filename="testpac.tga" />
		<Unit filename="try2.cbp" />
		<Unit filename="try2.depend" />
		<Unit filename="try2.layout" />
		<Extensions>
			<code_completion />
			<envvars />
			<debugger />
		</Extensions>
	</Project>
</CodeBlocks_project_file>
